// !$*UTF8*$!
{
	archiveVersion = 1;
	classes = {
	};
	objectVersion = 55;
	objects = {

/* Begin PBXBuildFile section */
		04C8D66C28E1FE7F0079FD70 /* AppDelegate.swift in Sources */ = {isa = PBXBuildFile; fileRef = 04C8D66B28E1FE7F0079FD70 /* AppDelegate.swift */; };
		04C8D66E28E1FE7F0079FD70 /* SceneDelegate.swift in Sources */ = {isa = PBXBuildFile; fileRef = 04C8D66D28E1FE7F0079FD70 /* SceneDelegate.swift */; };
		04C8D67028E1FE7F0079FD70 /* ViewController.swift in Sources */ = {isa = PBXBuildFile; fileRef = 04C8D66F28E1FE7F0079FD70 /* ViewController.swift */; };
		04C8D67328E1FE7F0079FD70 /* Main.storyboard in Resources */ = {isa = PBXBuildFile; fileRef = 04C8D67128E1FE7F0079FD70 /* Main.storyboard */; };
		04C8D67828E1FE800079FD70 /* Assets.xcassets in Resources */ = {isa = PBXBuildFile; fileRef = 04C8D67728E1FE800079FD70 /* Assets.xcassets */; };
		04C8D67B28E1FE800079FD70 /* LaunchScreen.storyboard in Resources */ = {isa = PBXBuildFile; fileRef = 04C8D67928E1FE800079FD70 /* LaunchScreen.storyboard */; };
/* End PBXBuildFile section */

/* Begin PBXContainerItemProxy section */
		04C8D68228E1FE800079FD70 /* PBXContainerItemProxy */ = {
			isa = PBXContainerItemProxy;
			containerPortal = 04C8D66028E1FE7E0079FD70 /* Project object */;
			proxyType = 1;
			remoteGlobalIDString = 04C8D66728E1FE7F0079FD70;
			remoteInfo = every;
		};
		04C8D68C28E1FE800079FD70 /* PBXContainerItemProxy */ = {
			isa = PBXContainerItemProxy;
			containerPortal = 04C8D66028E1FE7E0079FD70 /* Project object */;
			proxyType = 1;
			remoteGlobalIDString = 04C8D66728E1FE7F0079FD70;
			remoteInfo = every;
		};
/* End PBXContainerItemProxy section */

/* Begin PBXFileReference section */
		04C8D66828E1FE7F0079FD70 /* every.app */ = {isa = PBXFileReference; explicitFileType = wrapper.application; includeInIndex = 0; path = every.app; sourceTree = BUILT_PRODUCTS_DIR; };
		04C8D66B28E1FE7F0079FD70 /* AppDelegate.swift */ = {isa = PBXFileReference; lastKnownFileType = sourcecode.swift; path = AppDelegate.swift; sourceTree = "<group>"; };
		04C8D66D28E1FE7F0079FD70 /* SceneDelegate.swift */ = {isa = PBXFileReference; lastKnownFileType = sourcecode.swift; path = SceneDelegate.swift; sourceTree = "<group>"; };
		04C8D66F28E1FE7F0079FD70 /* ViewController.swift */ = {isa = PBXFileReference; lastKnownFileType = sourcecode.swift; path = ViewController.swift; sourceTree = "<group>"; };
		04C8D67228E1FE7F0079FD70 /* Base */ = {isa = PBXFileReference; lastKnownFileType = file.storyboard; name = Base; path = Base.lproj/Main.storyboard; sourceTree = "<group>"; };
		04C8D67728E1FE800079FD70 /* Assets.xcassets */ = {isa = PBXFileReference; lastKnownFileType = folder.assetcatalog; path = Assets.xcassets; sourceTree = "<group>"; };
		04C8D67A28E1FE800079FD70 /* Base */ = {isa = PBXFileReference; lastKnownFileType = file.storyboard; name = Base; path = Base.lproj/LaunchScreen.storyboard; sourceTree = "<group>"; };
		04C8D67C28E1FE800079FD70 /* Info.plist */ = {isa = PBXFileReference; lastKnownFileType = text.plist.xml; path = Info.plist; sourceTree = "<group>"; };
		04C8D68128E1FE800079FD70 /* everyTests.xctest */ = {isa = PBXFileReference; explicitFileType = wrapper.cfbundle; includeInIndex = 0; path = everyTests.xctest; sourceTree = BUILT_PRODUCTS_DIR; };
		04C8D68B28E1FE800079FD70 /* everyUITests.xctest */ = {isa = PBXFileReference; explicitFileType = wrapper.cfbundle; includeInIndex = 0; path = everyUITests.xctest; sourceTree = BUILT_PRODUCTS_DIR; };
/* End PBXFileReference section */

/* Begin PBXFrameworksBuildPhase section */
		04C8D66528E1FE7F0079FD70 /* Frameworks */ = {
			isa = PBXFrameworksBuildPhase;
			buildActionMask = 2147483647;
			files = (
			);
			runOnlyForDeploymentPostprocessing = 0;
		};
		04C8D67E28E1FE800079FD70 /* Frameworks */ = {
			isa = PBXFrameworksBuildPhase;
			buildActionMask = 2147483647;
			files = (
			);
			runOnlyForDeploymentPostprocessing = 0;
		};
		04C8D68828E1FE800079FD70 /* Frameworks */ = {
			isa = PBXFrameworksBuildPhase;
			buildActionMask = 2147483647;
			files = (
			);
			runOnlyForDeploymentPostprocessing = 0;
		};
/* End PBXFrameworksBuildPhase section */

/* Begin PBXGroup section */
		04C8D65F28E1FE7E0079FD70 = {
			isa = PBXGroup;
			children = (
				04C8D66A28E1FE7F0079FD70 /* every */,
				04C8D66928E1FE7F0079FD70 /* Products */,
			);
			sourceTree = "<group>";
		};
		04C8D66928E1FE7F0079FD70 /* Products */ = {
			isa = PBXGroup;
			children = (
				04C8D66828E1FE7F0079FD70 /* every.app */,
				04C8D68128E1FE800079FD70 /* everyTests.xctest */,
				04C8D68B28E1FE800079FD70 /* everyUITests.xctest */,
			);
			name = Products;
			sourceTree = "<group>";
		};
		04C8D66A28E1FE7F0079FD70 /* every */ = {
			isa = PBXGroup;
			children = (
				04C8D66B28E1FE7F0079FD70 /* AppDelegate.swift */,
				04C8D66D28E1FE7F0079FD70 /* SceneDelegate.swift */,
				04C8D66F28E1FE7F0079FD70 /* ViewController.swift */,
				04C8D67128E1FE7F0079FD70 /* Main.storyboard */,
				04C8D67728E1FE800079FD70 /* Assets.xcassets */,
				04C8D67928E1FE800079FD70 /* LaunchScreen.storyboard */,
				04C8D67C28E1FE800079FD70 /* Info.plist */,
			);
			path = every;
			sourceTree = "<group>";
		};
/* End PBXGroup section */

/* Begin PBXNativeTarget section */
		04C8D66728E1FE7F0079FD70 /* every */ = {
			isa = PBXNativeTarget;
			buildConfigurationList = 04C8D69528E1FE800079FD70 /* Build configuration list for PBXNativeTarget "every" */;
			buildPhases = (
				04C8D66428E1FE7F0079FD70 /* Sources */,
				04C8D66528E1FE7F0079FD70 /* Frameworks */,
				04C8D66628E1FE7F0079FD70 /* Resources */,
			);
			buildRules = (
			);
			dependencies = (
			);
			name = every;
			productName = every;
			productReference = 04C8D66828E1FE7F0079FD70 /* every.app */;
			productType = "com.apple.product-type.application";
		};
		04C8D68028E1FE800079FD70 /* everyTests */ = {
			isa = PBXNativeTarget;
			buildConfigurationList = 04C8D69828E1FE800079FD70 /* Build configuration list for PBXNativeTarget "everyTests" */;
			buildPhases = (
				04C8D67D28E1FE800079FD70 /* Sources */,
				04C8D67E28E1FE800079FD70 /* Frameworks */,
				04C8D67F28E1FE800079FD70 /* Resources */,
			);
			buildRules = (
			);
			dependencies = (
				04C8D68328E1FE800079FD70 /* PBXTargetDependency */,
			);
			name = everyTests;
			productName = everyTests;
			productReference = 04C8D68128E1FE800079FD70 /* everyTests.xctest */;
			productType = "com.apple.product-type.bundle.unit-test";
		};
		04C8D68A28E1FE800079FD70 /* everyUITests */ = {
			isa = PBXNativeTarget;
			buildConfigurationList = 04C8D69B28E1FE800079FD70 /* Build configuration list for PBXNativeTarget "everyUITests" */;
			buildPhases = (
				04C8D68728E1FE800079FD70 /* Sources */,
				04C8D68828E1FE800079FD70 /* Frameworks */,
				04C8D68928E1FE800079FD70 /* Resources */,
			);
			buildRules = (
			);
			dependencies = (
				04C8D68D28E1FE800079FD70 /* PBXTargetDependency */,
			);
			name = everyUITests;
			productName = everyUITests;
			productReference = 04C8D68B28E1FE800079FD70 /* everyUITests.xctest */;
			productType = "com.apple.product-type.bundle.ui-testing";
		};
/* End PBXNativeTarget section */

/* Begin PBXProject section */
		04C8D66028E1FE7E0079FD70 /* Project object */ = {
			isa = PBXProject;
			attributes = {
				BuildIndependentTargetsInParallel = 1;
				LastSwiftUpdateCheck = 1340;
				LastUpgradeCheck = 1340;
				TargetAttributes = {
					04C8D66728E1FE7F0079FD70 = {
						CreatedOnToolsVersion = 13.4.1;
					};
					04C8D68028E1FE800079FD70 = {
						CreatedOnToolsVersion = 13.4.1;
						TestTargetID = 04C8D66728E1FE7F0079FD70;
					};
					04C8D68A28E1FE800079FD70 = {
						CreatedOnToolsVersion = 13.4.1;
						TestTargetID = 04C8D66728E1FE7F0079FD70;
					};
				};
			};
			buildConfigurationList = 04C8D66328E1FE7E0079FD70 /* Build configuration list for PBXProject "every" */;
			compatibilityVersion = "Xcode 13.0";
			developmentRegion = en;
			hasScannedForEncodings = 0;
			knownRegions = (
				en,
				Base,
			);
			mainGroup = 04C8D65F28E1FE7E0079FD70;
			productRefGroup = 04C8D66928E1FE7F0079FD70 /* Products */;
			projectDirPath = "";
			projectRoot = "";
			targets = (
				04C8D66728E1FE7F0079FD70 /* every */,
				04C8D68028E1FE800079FD70 /* everyTests */,
				04C8D68A28E1FE800079FD70 /* everyUITests */,
			);
		};
/* End PBXProject section */

/* Begin PBXResourcesBuildPhase section */
		04C8D66628E1FE7F0079FD70 /* Resources */ = {
			isa = PBXResourcesBuildPhase;
			buildActionMask = 2147483647;
			files = (
				04C8D67B28E1FE800079FD70 /* LaunchScreen.storyboard in Resources */,
				04C8D67828E1FE800079FD70 /* Assets.xcassets in Resources */,
				04C8D67328E1FE7F0079FD70 /* Main.storyboard in Resources */,
			);
			runOnlyForDeploymentPostprocessing = 0;
		};
		04C8D67F28E1FE800079FD70 /* Resources */ = {
			isa = PBXResourcesBuildPhase;
			buildActionMask = 2147483647;
			files = (
			);
			runOnlyForDeploymentPostprocessing = 0;
		};
		04C8D68928E1FE800079FD70 /* Resources */ = {
			isa = PBXResourcesBuildPhase;
			buildActionMask = 2147483647;
			files = (
			);
			runOnlyForDeploymentPostprocessing = 0;
		};
/* End PBXResourcesBuildPhase section */

/* Begin PBXSourcesBuildPhase section */
		04C8D66428E1FE7F0079FD70 /* Sources */ = {
			isa = PBXSourcesBuildPhase;
			buildActionMask = 2147483647;
			files = (
				04C8D67028E1FE7F0079FD70 /* ViewController.swift in Sources */,
				04C8D66C28E1FE7F0079FD70 /* AppDelegate.swift in Sources */,
				04C8D66E28E1FE7F0079FD70 /* SceneDelegate.swift in Sources */,
			);
			runOnlyForDeploymentPostprocessing = 0;
		};
		04C8D67D28E1FE800079FD70 /* Sources */ = {
			isa = PBXSourcesBuildPhase;
			buildActionMask = 2147483647;
			files = (
			);
			runOnlyForDeploymentPostprocessing = 0;
		};
		04C8D68728E1FE800079FD70 /* Sources */ = {
			isa = PBXSourcesBuildPhase;
			buildActionMask = 2147483647;
			files = (
			);
			runOnlyForDeploymentPostprocessing = 0;
		};
/* End PBXSourcesBuildPhase section */

/* Begin PBXTargetDependency section */
		04C8D68328E1FE800079FD70 /* PBXTargetDependency */ = {
			isa = PBXTargetDependency;
			target = 04C8D66728E1FE7F0079FD70 /* every */;
			targetProxy = 04C8D68228E1FE800079FD70 /* PBXContainerItemProxy */;
		};
		04C8D68D28E1FE800079FD70 /* PBXTargetDependency */ = {
			isa = PBXTargetDependency;
			target = 04C8D66728E1FE7F0079FD70 /* every */;
			targetProxy = 04C8D68C28E1FE800079FD70 /* PBXContainerItemProxy */;
		};
/* End PBXTargetDependency section */

/* Begin PBXVariantGroup section */
		04C8D67128E1FE7F0079FD70 /* Main.storyboard */ = {
			isa = PBXVariantGroup;
			children = (
				04C8D67228E1FE7F0079FD70 /* Base */,
			);
			name = Main.storyboard;
			sourceTree = "<group>";
		};
		04C8D67928E1FE800079FD70 /* LaunchScreen.storyboard */ = {
			isa = PBXVariantGroup;
			children = (
				04C8D67A28E1FE800079FD70 /* Base */,
			);
			name = LaunchScreen.storyboard;
			sourceTree = "<group>";
		};
/* End PBXVariantGroup section */

/* Begin XCBuildConfiguration section */
		04C8D69328E1FE800079FD70 /* Debug */ = {
			isa = XCBuildConfiguration;
			buildSettings = {
				ALWAYS_SEARCH_USER_PATHS = NO;
				CLANG_ANALYZER_NONNULL = YES;
				CLANG_ANALYZER_NUMBER_OBJECT_CONVERSION = YES_AGGRESSIVE;
				CLANG_CXX_LANGUAGE_STANDARD = "gnu++17";
				CLANG_ENABLE_MODULES = YES;
				CLANG_ENABLE_OBJC_ARC = YES;
				CLANG_ENABLE_OBJC_WEAK = YES;
				CLANG_WARN_BLOCK_CAPTURE_AUTORELEASING = YES;
				CLANG_WARN_BOOL_CONVERSION = YES;
				CLANG_WARN_COMMA = YES;
				CLANG_WARN_CONSTANT_CONVERSION = YES;
				CLANG_WARN_DEPRECATED_OBJC_IMPLEMENTATIONS = YES;
				CLANG_WARN_DIRECT_OBJC_ISA_USAGE = YES_ERROR;
				CLANG_WARN_DOCUMENTATION_COMMENTS = YES;
				CLANG_WARN_EMPTY_BODY = YES;
				CLANG_WARN_ENUM_CONVERSION = YES;
				CLANG_WARN_INFINITE_RECURSION = YES;
				CLANG_WARN_INT_CONVERSION = YES;
				CLANG_WARN_NON_LITERAL_NULL_CONVERSION = YES;
				CLANG_WARN_OBJC_IMPLICIT_RETAIN_SELF = YES;
				CLANG_WARN_OBJC_LITERAL_CONVERSION = YES;
				CLANG_WARN_OBJC_ROOT_CLASS = YES_ERROR;
				CLANG_WARN_QUOTED_INCLUDE_IN_FRAMEWORK_HEADER = YES;
				CLANG_WARN_RANGE_LOOP_ANALYSIS = YES;
				CLANG_WARN_STRICT_PROTOTYPES = YES;
				CLANG_WARN_SUSPICIOUS_MOVE = YES;
				CLANG_WARN_UNGUARDED_AVAILABILITY = YES_AGGRESSIVE;
				CLANG_WARN_UNREACHABLE_CODE = YES;
				CLANG_WARN__DUPLICATE_METHOD_MATCH = YES;
				COPY_PHASE_STRIP = NO;
				DEBUG_INFORMATION_FORMAT = dwarf;
				ENABLE_STRICT_OBJC_MSGSEND = YES;
				ENABLE_TESTABILITY = YES;
				GCC_C_LANGUAGE_STANDARD = gnu11;
				GCC_DYNAMIC_NO_PIC = NO;
				GCC_NO_COMMON_BLOCKS = YES;
				GCC_OPTIMIZATION_LEVEL = 0;
				GCC_PREPROCESSOR_DEFINITIONS = (
					"DEBUG=1",
					"$(inherited)",
				);
				GCC_WARN_64_TO_32_BIT_CONVERSION = YES;
				GCC_WARN_ABOUT_RETURN_TYPE = YES_ERROR;
				GCC_WARN_UNDECLARED_SELECTOR = YES;
				GCC_WARN_UNINITIALIZED_AUTOS = YES_AGGRESSIVE;
				GCC_WARN_UNUSED_FUNCTION = YES;
				GCC_WARN_UNUSED_VARIABLE = YES;
				IPHONEOS_DEPLOYMENT_TARGET = 15.5;
				MTL_ENABLE_DEBUG_INFO = INCLUDE_SOURCE;
				MTL_FAST_MATH = YES;
				ONLY_ACTIVE_ARCH = YES;
				SDKROOT = iphoneos;
				SWIFT_ACTIVE_COMPILATION_CONDITIONS = DEBUG;
				SWIFT_OPTIMIZATION_LEVEL = "-Onone";
			};
			name = Debug;
		};
		04C8D69428E1FE800079FD70 /* Release */ = {
			isa = XCBuildConfiguration;
			buildSettings = {
				ALWAYS_SEARCH_USER_PATHS = NO;
				CLANG_ANALYZER_NONNULL = YES;
				CLANG_ANALYZER_NUMBER_OBJECT_CONVERSION = YES_AGGRESSIVE;
				CLANG_CXX_LANGUAGE_STANDARD = "gnu++17";
				CLANG_ENABLE_MODULES = YES;
				CLANG_ENABLE_OBJC_ARC = YES;
				CLANG_ENABLE_OBJC_WEAK = YES;
				CLANG_WARN_BLOCK_CAPTURE_AUTORELEASING = YES;
				CLANG_WARN_BOOL_CONVERSION = YES;
				CLANG_WARN_COMMA = YES;
				CLANG_WARN_CONSTANT_CONVERSION = YES;
				CLANG_WARN_DEPRECATED_OBJC_IMPLEMENTATIONS = YES;
				CLANG_WARN_DIRECT_OBJC_ISA_USAGE = YES_ERROR;
				CLANG_WARN_DOCUMENTATION_COMMENTS = YES;
				CLANG_WARN_EMPTY_BODY = YES;
				CLANG_WARN_ENUM_CONVERSION = YES;
				CLANG_WARN_INFINITE_RECURSION = YES;
				CLANG_WARN_INT_CONVERSION = YES;
				CLANG_WARN_NON_LITERAL_NULL_CONVERSION = YES;
				CLANG_WARN_OBJC_IMPLICIT_RETAIN_SELF = YES;
				CLANG_WARN_OBJC_LITERAL_CONVERSION = YES;
				CLANG_WARN_OBJC_ROOT_CLASS = YES_ERROR;
				CLANG_WARN_QUOTED_INCLUDE_IN_FRAMEWORK_HEADER = YES;
				CLANG_WARN_RANGE_LOOP_ANALYSIS = YES;
				CLANG_WARN_STRICT_PROTOTYPES = YES;
				CLANG_WARN_SUSPICIOUS_MOVE = YES;
				CLANG_WARN_UNGUARDED_AVAILABILITY = YES_AGGRESSIVE;
				CLANG_WARN_UNREACHABLE_CODE = YES;
				CLANG_WARN__DUPLICATE_METHOD_MATCH = YES;
				COPY_PHASE_STRIP = NO;
				DEBUG_INFORMATION_FORMAT = "dwarf-with-dsym";
				ENABLE_NS_ASSERTIONS = NO;
				ENABLE_STRICT_OBJC_MSGSEND = YES;
				GCC_C_LANGUAGE_STANDARD = gnu11;
				GCC_NO_COMMON_BLOCKS = YES;
				GCC_WARN_64_TO_32_BIT_CONVERSION = YES;
				GCC_WARN_ABOUT_RETURN_TYPE = YES_ERROR;
				GCC_WARN_UNDECLARED_SELECTOR = YES;
				GCC_WARN_UNINITIALIZED_AUTOS = YES_AGGRESSIVE;
				GCC_WARN_UNUSED_FUNCTION = YES;
				GCC_WARN_UNUSED_VARIABLE = YES;
				IPHONEOS_DEPLOYMENT_TARGET = 15.5;
				MTL_ENABLE_DEBUG_INFO = NO;
				MTL_FAST_MATH = YES;
				SDKROOT = iphoneos;
				SWIFT_COMPILATION_MODE = wholemodule;
				SWIFT_OPTIMIZATION_LEVEL = "-O";
				VALIDATE_PRODUCT = YES;
			};
			name = Release;
		};
		04C8D69628E1FE800079FD70 /* Debug */ = {
			isa = XCBuildConfiguration;
			buildSettings = {
				ASSETCATALOG_COMPILER_APPICON_NAME = AppIcon;
				ASSETCATALOG_COMPILER_GLOBAL_ACCENT_COLOR_NAME = AccentColor;
				CODE_SIGN_STYLE = Automatic;
				CURRENT_PROJECT_VERSION = 1;
				DEVELOPMENT_TEAM = WC2AB75W42;
				GENERATE_INFOPLIST_FILE = YES;
				INFOPLIST_FILE = every/Info.plist;
				INFOPLIST_KEY_UIApplicationSupportsIndirectInputEvents = YES;
				INFOPLIST_KEY_UILaunchStoryboardName = LaunchScreen;
				INFOPLIST_KEY_UIMainStoryboardFile = Main;
				INFOPLIST_KEY_UISupportedInterfaceOrientations_iPad = "UIInterfaceOrientationPortrait UIInterfaceOrientationPortraitUpsideDown UIInterfaceOrientationLandscapeLeft UIInterfaceOrientationLandscapeRight";
				INFOPLIST_KEY_UISupportedInterfaceOrientations_iPhone = "UIInterfaceOrientationPortrait UIInterfaceOrientationLandscapeLeft UIInterfaceOrientationLandscapeRight";
				LD_RUNPATH_SEARCH_PATHS = (
					"$(inherited)",
					"@executable_path/Frameworks",
				);
				MARKETING_VERSION = 1.0;
				PRODUCT_BUNDLE_IDENTIFIER = com.YJY.every;
				PRODUCT_NAME = "$(TARGET_NAME)";
				SWIFT_EMIT_LOC_STRINGS = YES;
				SWIFT_VERSION = 5.0;
				TARGETED_DEVICE_FAMILY = "1,2";
			};
			name = Debug;
		};
		04C8D69728E1FE800079FD70 /* Release */ = {
			isa = XCBuildConfiguration;
			buildSettings = {
				ASSETCATALOG_COMPILER_APPICON_NAME = AppIcon;
				ASSETCATALOG_COMPILER_GLOBAL_ACCENT_COLOR_NAME = AccentColor;
				CODE_SIGN_STYLE = Automatic;
				CURRENT_PROJECT_VERSION = 1;
				DEVELOPMENT_TEAM = WC2AB75W42;
				GENERATE_INFOPLIST_FILE = YES;
				INFOPLIST_FILE = every/Info.plist;
				INFOPLIST_KEY_UIApplicationSupportsIndirectInputEvents = YES;
				INFOPLIST_KEY_UILaunchStoryboardName = LaunchScreen;
				INFOPLIST_KEY_UIMainStoryboardFile = Main;
				INFOPLIST_KEY_UISupportedInterfaceOrientations_iPad = "UIInterfaceOrientationPortrait UIInterfaceOrientationPortraitUpsideDown UIInterfaceOrientationLandscapeLeft UIInterfaceOrientationLandscapeRight";
				INFOPLIST_KEY_UISupportedInterfaceOrientations_iPhone = "UIInterfaceOrientationPortrait UIInterfaceOrientationLandscapeLeft UIInterfaceOrientationLandscapeRight";
				LD_RUNPATH_SEARCH_PATHS = (
					"$(inherited)",
					"@executable_path/Frameworks",
				);
				MARKETING_VERSION = 1.0;
				PRODUCT_BUNDLE_IDENTIFIER = com.YJY.every;
				PRODUCT_NAME = "$(TARGET_NAME)";
				SWIFT_EMIT_LOC_STRINGS = YES;
				SWIFT_VERSION = 5.0;
				TARGETED_DEVICE_FAMILY = "1,2";
			};
			name = Release;
		};
		04C8D69928E1FE800079FD70 /* Debug */ = {
			isa = XCBuildConfiguration;
			buildSettings = {
				ALWAYS_EMBED_SWIFT_STANDARD_LIBRARIES = YES;
				BUNDLE_LOADER = "$(TEST_HOST)";
				CODE_SIGN_STYLE = Automatic;
				CURRENT_PROJECT_VERSION = 1;
				DEVELOPMENT_TEAM = WC2AB75W42;
				GENERATE_INFOPLIST_FILE = YES;
				IPHONEOS_DEPLOYMENT_TARGET = 15.5;
				MARKETING_VERSION = 1.0;
				PRODUCT_BUNDLE_IDENTIFIER = com.YJY.everyTests;
				PRODUCT_NAME = "$(TARGET_NAME)";
				SWIFT_EMIT_LOC_STRINGS = NO;
				SWIFT_VERSION = 5.0;
				TARGETED_DEVICE_FAMILY = "1,2";
				TEST_HOST = "$(BUILT_PRODUCTS_DIR)/every.app/every";
			};
			name = Debug;
		};
		04C8D69A28E1FE800079FD70 /* Release */ = {
			isa = XCBuildConfiguration;
			buildSettings = {
				ALWAYS_EMBED_SWIFT_STANDARD_LIBRARIES = YES;
				BUNDLE_LOADER = "$(TEST_HOST)";
				CODE_SIGN_STYLE = Automatic;
				CURRENT_PROJECT_VERSION = 1;
				DEVELOPMENT_TEAM = WC2AB75W42;
				GENERATE_INFOPLIST_FILE = YES;
				IPHONEOS_DEPLOYMENT_TARGET = 15.5;
				MARKETING_VERSION = 1.0;
				PRODUCT_BUNDLE_IDENTIFIER = com.YJY.everyTests;
				PRODUCT_NAME = "$(TARGET_NAME)";
				SWIFT_EMIT_LOC_STRINGS = NO;
				SWIFT_VERSION = 5.0;
				TARGETED_DEVICE_FAMILY = "1,2";
				TEST_HOST = "$(BUILT_PRODUCTS_DIR)/every.app/every";
			};
			name = Release;
		};
		04C8D69C28E1FE800079FD70 /* Debug */ = {
			isa = XCBuildConfiguration;
			buildSettings = {
				ALWAYS_EMBED_SWIFT_STANDARD_LIBRARIES = YES;
				CODE_SIGN_STYLE = Automatic;
				CURRENT_PROJECT_VERSION = 1;
				DEVELOPMENT_TEAM = WC2AB75W42;
				GENERATE_INFOPLIST_FILE = YES;
				MARKETING_VERSION = 1.0;
				PRODUCT_BUNDLE_IDENTIFIER = com.YJY.everyUITests;
				PRODUCT_NAME = "$(TARGET_NAME)";
				SWIFT_EMIT_LOC_STRINGS = NO;
				SWIFT_VERSION = 5.0;
				TARGETED_DEVICE_FAMILY = "1,2";
				TEST_TARGET_NAME = every;
			};
			name = Debug;
		};
		04C8D69D28E1FE800079FD70 /* Release */ = {
			isa = XCBuildConfiguration;
			buildSettings = {
				ALWAYS_EMBED_SWIFT_STANDARD_LIBRARIES = YES;
				CODE_SIGN_STYLE = Automatic;
				CURRENT_PROJECT_VERSION = 1;
				DEVELOPMENT_TEAM = WC2AB75W42;
				GENERATE_INFOPLIST_FILE = YES;
				MARKETING_VERSION = 1.0;
				PRODUCT_BUNDLE_IDENTIFIER = com.YJY.everyUITests;
				PRODUCT_NAME = "$(TARGET_NAME)";
				SWIFT_EMIT_LOC_STRINGS = NO;
				SWIFT_VERSION = 5.0;
				TARGETED_DEVICE_FAMILY = "1,2";
				TEST_TARGET_NAME = every;
			};
			name = Release;
		};
/* End XCBuildConfiguration section */

/* Begin XCConfigurationList section */
		04C8D66328E1FE7E0079FD70 /* Build configuration list for PBXProject "every" */ = {
			isa = XCConfigurationList;
			buildConfigurations = (
				04C8D69328E1FE800079FD70 /* Debug */,
				04C8D69428E1FE800079FD70 /* Release */,
			);
			defaultConfigurationIsVisible = 0;
			defaultConfigurationName = Release;
		};
		04C8D69528E1FE800079FD70 /* Build configuration list for PBXNativeTarget "every" */ = {
			isa = XCConfigurationList;
			buildConfigurations = (
				04C8D69628E1FE800079FD70 /* Debug */,
				04C8D69728E1FE800079FD70 /* Release */,
			);
			defaultConfigurationIsVisible = 0;
			defaultConfigurationName = Release;
		};
		04C8D69828E1FE800079FD70 /* Build configuration list for PBXNativeTarget "everyTests" */ = {
			isa = XCConfigurationList;
			buildConfigurations = (
				04C8D69928E1FE800079FD70 /* Debug */,
				04C8D69A28E1FE800079FD70 /* Release */,
			);
			defaultConfigurationIsVisible = 0;
			defaultConfigurationName = Release;
		};
		04C8D69B28E1FE800079FD70 /* Build configuration list for PBXNativeTarget "everyUITests" */ = {
			isa = XCConfigurationList;
			buildConfigurations = (
				04C8D69C28E1FE800079FD70 /* Debug */,
				04C8D69D28E1FE800079FD70 /* Release */,
			);
			defaultConfigurationIsVisible = 0;
			defaultConfigurationName = Release;
		};
/* End XCConfigurationList section */
	};
	rootObject = 04C8D66028E1FE7E0079FD70 /* Project object */;
}
